{
  "name": "404",
  "version": "1.0.0",
  "lockfileVersion": 2,
  "requires": true,
  "packages": {
    "": {
      "name": "404",
      "version": "1.0.0",
      "license": "ISC",
      "dependencies": {
        "@types/matter-js": "^0.17.7",
        "matter-js": "^0.18.0"
      }
    },
    "node_modules/@types/matter-js": {
      "version": "0.17.7",
      "resolved": "https://registry.npmjs.org/@types/matter-js/-/matter-js-0.17.7.tgz",
      "integrity": "sha512-LHx3Kf1vY68wEgSAuQkMShfGxB9YVKtcFYqPTMAcmUCnHuvcPkfnlbveMkH8xG/s1EIYcbBVTnUNDV/CA5B2RA=="
    },
    "node_modules/matter-js": {
      "version": "0.18.0",
      "resolved": "https://registry.npmjs.org/matter-js/-/matter-js-0.18.0.tgz",
      "integrity": "sha512-/ZVem4WygUnbmo/iE4oHZpZS97btfBtYy5Iwn1396vUZU7YhgVEN8J4UWwfZwY1ZqoTYlPgjvSw9WXauuXL0mg=="
    }
  },
  "dependencies": {
    "@types/matter-js": {
      "version": "0.17.7",
      "resolved": "https://registry.npmjs.org/@types/matter-js/-/matter-js-0.17.7.tgz",
      "integrity": "sha512-LHx3Kf1vY68wEgSAuQkMShfGxB9YVKtcFYqPTMAcmUCnHuvcPkfnlbveMkH8xG/s1EIYcbBVTnUNDV/CA5B2RA=="
    },
    "matter-js": {
      "version": "0.18.0",
      "resolved": "https://registry.npmjs.org/matter-js/-/matter-js-0.18.0.tgz",
      "integrity": "sha512-/ZVem4WygUnbmo/iE4oHZpZS97btfBtYy5Iwn1396vUZU7YhgVEN8J4UWwfZwY1ZqoTYlPgjvSw9WXauuXL0mg=="
    }
  }
}
